
Microsoft Visual Studio Solution File, Format Version 12.00
# Visual Studio Version 17
VisualStudioVersion = 17.9.34902.65
MinimumVisualStudioVersion = 10.0.40219.1
Project("{FAE04EC0-301F-11D3-BF4B-00C04F79EFBC}") = "Quirke.CRM", "Quirke.CRM\Quirke.CRM.csproj", "{14FCC962-96CB-43AA-B928-C5AC4F640BF4}"
EndProject
Global
	GlobalSection(SolutionConfigurationPlatforms) = preSolution
		Debug|Any CPU = Debug|Any CPU
		Release|Any CPU = Release|Any CPU
	EndGlobalSection
	GlobalSection(ProjectConfigurationPlatforms) = postSolution
		{14FCC962-96CB-43AA-B928-C5AC4F640BF4}.Debug|Any CPU.ActiveCfg = Debug|Any CPU
		{14FCC962-96CB-43AA-B928-C5AC4F640BF4}.Debug|Any CPU.Build.0 = Debug|Any CPU
		{14FCC962-96CB-43AA-B928-C5AC4F640BF4}.Release|Any CPU.ActiveCfg = Release|Any CPU
		{14FCC962-96CB-43AA-B928-C5AC4F640BF4}.Release|Any CPU.Build.0 = Release|Any CPU
	EndGlobalSection
	GlobalSection(SolutionProperties) = preSolution
		HideSolutionNode = FALSE
	EndGlobalSection
	GlobalSection(ExtensibilityGlobals) = postSolution
		SolutionGuid = {022F2631-3DCE-4E70-85CD-62EE98D83456}
	EndGlobalSection
EndGlobal
